{
  "pins" : [
    {
      "identity" : "effective-novel-core",
      "kind" : "remoteSourceControl",
      "location" : "https://github.com/mui-z/effective-novel-core",
      "state" : {
        "revision" : "61d67227441b3c934fa301d692e68dd5776241fb",
        "version" : "1.1.2"
      }
    },
    {
      "identity" : "factory",
      "kind" : "remoteSourceControl",
      "location" : "https://github.com/hmlongco/Factory",
      "state" : {
        "revision" : "ca5788b8621b185a0fbe6ef05bb9a73b3ef2833f",
        "version" : "1.2.9"
      }
    },
    {
      "identity" : "path.swift",
      "kind" : "remoteSourceControl",
      "location" : "https://github.com/mxcl/Path.swift",
      "state" : {
        "revision" : "9c6f807b0a76be0e27aecc908bc6f173400d839e",
        "version" : "1.4.0"
      }
    },
    {
      "identity" : "rainbow",
      "kind" : "remoteSourceControl",
      "location" : "https://github.com/onevcat/Rainbow",
      "state" : {
        "revision" : "e0dada9cd44e3fa7ec3b867e49a8ddbf543e3df3",
        "version" : "4.0.1"
      }
    },
    {
      "identity" : "swiftcli",
      "kind" : "remoteSourceControl",
      "location" : "https://github.com/jakeheis/SwiftCLI",
      "state" : {
        "revision" : "2e949055d9797c1a6bddcda0e58dada16cc8e970",
        "version" : "6.0.3"
      }
    }
  ],
  "version" : 2
}
